
Microsoft Visual Studio Solution File, Format Version 12.00
# Visual Studio Version 17
VisualStudioVersion = 17.13.35828.75 d17.13
MinimumVisualStudioVersion = 10.0.40219.1
Project("{888888A0-9F3D-457C-B088-3A5042F75D52}") = "snake_game.py", "snake_game.py\snake_game.py.pyproj", "{D41F5041-B44B-4569-89FB-3956FE727730}"
EndProject
Global
	GlobalSection(SolutionConfigurationPlatforms) = preSolution
		Debug|Any CPU = Debug|Any CPU
		Release|Any CPU = Release|Any CPU
	EndGlobalSection
	GlobalSection(ProjectConfigurationPlatforms) = postSolution
		{D41F5041-B44B-4569-89FB-3956FE727730}.Debug|Any CPU.ActiveCfg = Debug|Any CPU
		{D41F5041-B44B-4569-89FB-3956FE727730}.Release|Any CPU.ActiveCfg = Release|Any CPU
	EndGlobalSection
	GlobalSection(SolutionProperties) = preSolution
		HideSolutionNode = FALSE
	EndGlobalSection
	GlobalSection(ExtensibilityGlobals) = postSolution
		SolutionGuid = {99818A60-D79A-4EB8-BAB7-39748623402F}
	EndGlobalSection
EndGlobal
